
Microsoft Visual Studio Solution File, Format Version 12.00
# Visual Studio 15
VisualStudioVersion = 15.0.27428.2037
MinimumVisualStudioVersion = 10.0.40219.1
Project("{FAE04EC0-301F-11D3-BF4B-00C04F79EFBC}") = "BaseballInterface", "BaseballInterface\BaseballInterface.csproj", "{6C11A0A0-3A4D-4D0B-8908-AD34047B0B90}"
EndProject
Global
	GlobalSection(SolutionConfigurationPlatforms) = preSolution
		Debug|Any CPU = Debug|Any CPU
		Release|Any CPU = Release|Any CPU
	EndGlobalSection
	GlobalSection(ProjectConfigurationPlatforms) = postSolution
		{6C11A0A0-3A4D-4D0B-8908-AD34047B0B90}.Debug|Any CPU.ActiveCfg = Debug|Any CPU
		{6C11A0A0-3A4D-4D0B-8908-AD34047B0B90}.Debug|Any CPU.Build.0 = Debug|Any CPU
		{6C11A0A0-3A4D-4D0B-8908-AD34047B0B90}.Release|Any CPU.ActiveCfg = Release|Any CPU
		{6C11A0A0-3A4D-4D0B-8908-AD34047B0B90}.Release|Any CPU.Build.0 = Release|Any CPU
	EndGlobalSection
	GlobalSection(SolutionProperties) = preSolution
		HideSolutionNode = FALSE
	EndGlobalSection
	GlobalSection(ExtensibilityGlobals) = postSolution
		SolutionGuid = {4F22747D-5163-4DCF-8618-E72F1A10688B}
	EndGlobalSection
EndGlobal
